
Microsoft Visual Studio Solution File, Format Version 12.00
# Visual Studio Version 17
VisualStudioVersion = 17.10.35013.160
MinimumVisualStudioVersion = 10.0.40219.1
Project("{FAE04EC0-301F-11D3-BF4B-00C04F79EFBC}") = "BossiIt.BlogServer", "BossiIt.BlogServer\BossiIt.BlogServer.csproj", "{5F2A941D-A367-4B05-BF85-6CAA82E96A72}"
EndProject
Global
	GlobalSection(SolutionConfigurationPlatforms) = preSolution
		Debug|Any CPU = Debug|Any CPU
		Release|Any CPU = Release|Any CPU
	EndGlobalSection
	GlobalSection(ProjectConfigurationPlatforms) = postSolution
		{5F2A941D-A367-4B05-BF85-6CAA82E96A72}.Debug|Any CPU.ActiveCfg = Debug|Any CPU
		{5F2A941D-A367-4B05-BF85-6CAA82E96A72}.Debug|Any CPU.Build.0 = Debug|Any CPU
		{5F2A941D-A367-4B05-BF85-6CAA82E96A72}.Release|Any CPU.ActiveCfg = Release|Any CPU
		{5F2A941D-A367-4B05-BF85-6CAA82E96A72}.Release|Any CPU.Build.0 = Release|Any CPU
	EndGlobalSection
	GlobalSection(SolutionProperties) = preSolution
		HideSolutionNode = FALSE
	EndGlobalSection
	GlobalSection(ExtensibilityGlobals) = postSolution
		SolutionGuid = {7CDC5757-8393-4E66-BFE3-315422698048}
	EndGlobalSection
EndGlobal
